
Microsoft Visual Studio Solution File, Format Version 11.00
# Visual Studio 2010
Project("{FAE04EC0-301F-11D3-BF4B-00C04F79EFBC}") = "TinyMVVM", "TinyMVVM\TinyMVVM.csproj", "{41795993-5643-4733-8834-0128DE34F945}"
EndProject
Project("{FAE04EC0-301F-11D3-BF4B-00C04F79EFBC}") = "TinyMVVM.Tests", "TinyMVVM.Tests\TinyMVVM.Tests.csproj", "{B4EBC972-D86A-40E3-BC6E-AF8757BF340D}"
EndProject
Project("{FAE04EC0-301F-11D3-BF4B-00C04F79EFBC}") = "TinyMVVM.SL", "TinyMVVM.SL\TinyMVVM.SL.csproj", "{B405566F-FAA9-4CFF-82AC-B0BD898478CF}"
EndProject
Project("{FAE04EC0-301F-11D3-BF4B-00C04F79EFBC}") = "TinyMVVM.VSIntegration", "TinyMVVM.VSIntegration\TinyMVVM.VSIntegration.csproj", "{D36085F1-7848-4DCF-BC1E-FC33505BA93B}"
EndProject
Project("{FAE04EC0-301F-11D3-BF4B-00C04F79EFBC}") = "TinyMVVM.VSIntegration.Tests", "TinyMVVM.VSIntegration.Tests\TinyMVVM.VSIntegration.Tests.csproj", "{FDB95408-A16A-4F89-A810-8D2409F7C12B}"
EndProject
Project("{2150E333-8FDC-42A3-9474-1A3956D46DE8}") = "Setup", "Setup", "{8455ED09-A331-4F48-AC77-A9A0361B3AD0}"
EndProject
Project("{54435603-DBB4-11D2-8724-00A0C9A8B90C}") = "TinyMVVM.Setup", "Setup\TinyMVVM.Setup\TinyMVVM.Setup.vdproj", "{5793F415-C1F9-4EF2-94A9-717C17EB139C}"
EndProject
Project("{FAE04EC0-301F-11D3-BF4B-00C04F79EFBC}") = "TinyMVVM.Setup.CustomActions", "Setup\TinyMVVM.Setup.CustomActions\TinyMVVM.Setup.CustomActions.csproj", "{5E35ADBC-59E3-4B71-B808-67A1667EB89F}"
EndProject
Project("{2150E333-8FDC-42A3-9474-1A3956D46DE8}") = "VsTemplates", "VsTemplates", "{AAC6C50E-0E01-43E8-9767-C2FD7178D29E}"
EndProject
Project("{FAE04EC0-301F-11D3-BF4B-00C04F79EFBC}") = "MvvmConf", "VsTemplates\Items\MvvmConf\MvvmConf.csproj", "{E306BBEB-F8FD-499B-AD59-411F11064EE3}"
EndProject
Project("{2150E333-8FDC-42A3-9474-1A3956D46DE8}") = "Items", "Items", "{9D3FFFB3-5684-4F04-9553-59C65EE99D9C}"
EndProject
Project("{2150E333-8FDC-42A3-9474-1A3956D46DE8}") = "Projects", "Projects", "{039555B5-A30E-4BEF-B559-BB37E555F8BA}"
EndProject
Project("{FAE04EC0-301F-11D3-BF4B-00C04F79EFBC}") = "Model-View-ViewModel", "VsTemplates\Items\Model-View-ViewModel\Model-View-ViewModel.csproj", "{447FD380-4912-4EDF-8D15-859FCA82D33C}"
EndProject
Project("{FAE04EC0-301F-11D3-BF4B-00C04F79EFBC}") = "TinyMVVM (Class Library)", "VsTemplates\Projects\TinyMVVM (Class Library)\TinyMVVM (Class Library).csproj", "{431AD2B4-7B71-4DD4-A19A-3BC91C433066}"
EndProject
Project("{FAE04EC0-301F-11D3-BF4B-00C04F79EFBC}") = "TinyMVVM (WPF4)", "VsTemplates\Projects\TinyMVVM (WPF4)\TinyMVVM (WPF4).csproj", "{0BC15FCC-CD7D-4479-80D3-2650066AD0BE}"
EndProject
Global
	GlobalSection(SolutionConfigurationPlatforms) = preSolution
		Debug|Any CPU = Debug|Any CPU
		Debug|Mixed Platforms = Debug|Mixed Platforms
		Debug|x86 = Debug|x86
		Release|Any CPU = Release|Any CPU
		Release|Mixed Platforms = Release|Mixed Platforms
		Release|x86 = Release|x86
		Setup - Debug|Any CPU = Setup - Debug|Any CPU
		Setup - Debug|Mixed Platforms = Setup - Debug|Mixed Platforms
		Setup - Debug|x86 = Setup - Debug|x86
	EndGlobalSection
	GlobalSection(ProjectConfigurationPlatforms) = postSolution
		{41795993-5643-4733-8834-0128DE34F945}.Debug|Any CPU.ActiveCfg = Debug|Any CPU
		{41795993-5643-4733-8834-0128DE34F945}.Debug|Any CPU.Build.0 = Debug|Any CPU
		{41795993-5643-4733-8834-0128DE34F945}.Debug|Mixed Platforms.ActiveCfg = Debug|Any CPU
		{41795993-5643-4733-8834-0128DE34F945}.Debug|Mixed Platforms.Build.0 = Debug|Any CPU
		{41795993-5643-4733-8834-0128DE34F945}.Debug|x86.ActiveCfg = Debug|Any CPU
		{41795993-5643-4733-8834-0128DE34F945}.Debug|x86.Build.0 = Debug|Any CPU
		{41795993-5643-4733-8834-0128DE34F945}.Release|Any CPU.ActiveCfg = Release|Any CPU
		{41795993-5643-4733-8834-0128DE34F945}.Release|Any CPU.Build.0 = Release|Any CPU
		{41795993-5643-4733-8834-0128DE34F945}.Release|Mixed Platforms.ActiveCfg = Release|Any CPU
		{41795993-5643-4733-8834-0128DE34F945}.Release|Mixed Platforms.Build.0 = Release|Any CPU
		{41795993-5643-4733-8834-0128DE34F945}.Release|x86.ActiveCfg = Release|Any CPU
		{41795993-5643-4733-8834-0128DE34F945}.Setup - Debug|Any CPU.ActiveCfg = Debug|Any CPU
		{41795993-5643-4733-8834-0128DE34F945}.Setup - Debug|Any CPU.Build.0 = Debug|Any CPU
		{41795993-5643-4733-8834-0128DE34F945}.Setup - Debug|Mixed Platforms.ActiveCfg = Debug|Any CPU
		{41795993-5643-4733-8834-0128DE34F945}.Setup - Debug|Mixed Platforms.Build.0 = Debug|Any CPU
		{41795993-5643-4733-8834-0128DE34F945}.Setup - Debug|x86.ActiveCfg = Debug|Any CPU
		{41795993-5643-4733-8834-0128DE34F945}.Setup - Debug|x86.Build.0 = Debug|Any CPU
		{B4EBC972-D86A-40E3-BC6E-AF8757BF340D}.Debug|Any CPU.ActiveCfg = Debug|Any CPU
		{B4EBC972-D86A-40E3-BC6E-AF8757BF340D}.Debug|Any CPU.Build.0 = Debug|Any CPU
		{B4EBC972-D86A-40E3-BC6E-AF8757BF340D}.Debug|Mixed Platforms.ActiveCfg = Debug|Any CPU
		{B4EBC972-D86A-40E3-BC6E-AF8757BF340D}.Debug|Mixed Platforms.Build.0 = Debug|Any CPU
		{B4EBC972-D86A-40E3-BC6E-AF8757BF340D}.Debug|x86.ActiveCfg = Debug|Any CPU
		{B4EBC972-D86A-40E3-BC6E-AF8757BF340D}.Debug|x86.Build.0 = Debug|Any CPU
		{B4EBC972-D86A-40E3-BC6E-AF8757BF340D}.Release|Any CPU.ActiveCfg = Release|Any CPU
		{B4EBC972-D86A-40E3-BC6E-AF8757BF340D}.Release|Any CPU.Build.0 = Release|Any CPU
		{B4EBC972-D86A-40E3-BC6E-AF8757BF340D}.Release|Mixed Platforms.ActiveCfg = Release|Any CPU
		{B4EBC972-D86A-40E3-BC6E-AF8757BF340D}.Release|Mixed Platforms.Build.0 = Release|Any CPU
		{B4EBC972-D86A-40E3-BC6E-AF8757BF340D}.Release|x86.ActiveCfg = Release|Any CPU
		{B4EBC972-D86A-40E3-BC6E-AF8757BF340D}.Setup - Debug|Any CPU.ActiveCfg = Debug|Any CPU
		{B4EBC972-D86A-40E3-BC6E-AF8757BF340D}.Setup - Debug|Any CPU.Build.0 = Debug|Any CPU
		{B4EBC972-D86A-40E3-BC6E-AF8757BF340D}.Setup - Debug|Mixed Platforms.ActiveCfg = Debug|Any CPU
		{B4EBC972-D86A-40E3-BC6E-AF8757BF340D}.Setup - Debug|Mixed Platforms.Build.0 = Debug|Any CPU
		{B4EBC972-D86A-40E3-BC6E-AF8757BF340D}.Setup - Debug|x86.ActiveCfg = Debug|Any CPU
		{B4EBC972-D86A-40E3-BC6E-AF8757BF340D}.Setup - Debug|x86.Build.0 = Debug|Any CPU
		{B405566F-FAA9-4CFF-82AC-B0BD898478CF}.Debug|Any CPU.ActiveCfg = Debug|Any CPU
		{B405566F-FAA9-4CFF-82AC-B0BD898478CF}.Debug|Any CPU.Build.0 = Debug|Any CPU
		{B405566F-FAA9-4CFF-82AC-B0BD898478CF}.Debug|Mixed Platforms.ActiveCfg = Debug|Any CPU
		{B405566F-FAA9-4CFF-82AC-B0BD898478CF}.Debug|Mixed Platforms.Build.0 = Debug|Any CPU
		{B405566F-FAA9-4CFF-82AC-B0BD898478CF}.Debug|x86.ActiveCfg = Debug|Any CPU
		{B405566F-FAA9-4CFF-82AC-B0BD898478CF}.Debug|x86.Build.0 = Debug|Any CPU
		{B405566F-FAA9-4CFF-82AC-B0BD898478CF}.Release|Any CPU.ActiveCfg = Release|Any CPU
		{B405566F-FAA9-4CFF-82AC-B0BD898478CF}.Release|Any CPU.Build.0 = Release|Any CPU
		{B405566F-FAA9-4CFF-82AC-B0BD898478CF}.Release|Mixed Platforms.ActiveCfg = Release|Any CPU
		{B405566F-FAA9-4CFF-82AC-B0BD898478CF}.Release|Mixed Platforms.Build.0 = Release|Any CPU
		{B405566F-FAA9-4CFF-82AC-B0BD898478CF}.Release|x86.ActiveCfg = Release|Any CPU
		{B405566F-FAA9-4CFF-82AC-B0BD898478CF}.Setup - Debug|Any CPU.ActiveCfg = Debug|Any CPU
		{B405566F-FAA9-4CFF-82AC-B0BD898478CF}.Setup - Debug|Any CPU.Build.0 = Debug|Any CPU
		{B405566F-FAA9-4CFF-82AC-B0BD898478CF}.Setup - Debug|Mixed Platforms.ActiveCfg = Debug|Any CPU
		{B405566F-FAA9-4CFF-82AC-B0BD898478CF}.Setup - Debug|Mixed Platforms.Build.0 = Debug|Any CPU
		{B405566F-FAA9-4CFF-82AC-B0BD898478CF}.Setup - Debug|x86.ActiveCfg = Debug|Any CPU
		{B405566F-FAA9-4CFF-82AC-B0BD898478CF}.Setup - Debug|x86.Build.0 = Debug|Any CPU
		{D36085F1-7848-4DCF-BC1E-FC33505BA93B}.Debug|Any CPU.ActiveCfg = Debug|Any CPU
		{D36085F1-7848-4DCF-BC1E-FC33505BA93B}.Debug|Any CPU.Build.0 = Debug|Any CPU
		{D36085F1-7848-4DCF-BC1E-FC33505BA93B}.Debug|Mixed Platforms.ActiveCfg = Debug|Any CPU
		{D36085F1-7848-4DCF-BC1E-FC33505BA93B}.Debug|Mixed Platforms.Build.0 = Debug|Any CPU
		{D36085F1-7848-4DCF-BC1E-FC33505BA93B}.Debug|x86.ActiveCfg = Debug|Any CPU
		{D36085F1-7848-4DCF-BC1E-FC33505BA93B}.Debug|x86.Build.0 = Debug|Any CPU
		{D36085F1-7848-4DCF-BC1E-FC33505BA93B}.Release|Any CPU.ActiveCfg = Release|Any CPU
		{D36085F1-7848-4DCF-BC1E-FC33505BA93B}.Release|Any CPU.Build.0 = Release|Any CPU
		{D36085F1-7848-4DCF-BC1E-FC33505BA93B}.Release|Mixed Platforms.ActiveCfg = Release|Any CPU
		{D36085F1-7848-4DCF-BC1E-FC33505BA93B}.Release|Mixed Platforms.Build.0 = Release|Any CPU
		{D36085F1-7848-4DCF-BC1E-FC33505BA93B}.Release|x86.ActiveCfg = Release|Any CPU
		{D36085F1-7848-4DCF-BC1E-FC33505BA93B}.Setup - Debug|Any CPU.ActiveCfg = Debug|Any CPU
		{D36085F1-7848-4DCF-BC1E-FC33505BA93B}.Setup - Debug|Any CPU.Build.0 = Debug|Any CPU
		{D36085F1-7848-4DCF-BC1E-FC33505BA93B}.Setup - Debug|Mixed Platforms.ActiveCfg = Debug|Any CPU
		{D36085F1-7848-4DCF-BC1E-FC33505BA93B}.Setup - Debug|Mixed Platforms.Build.0 = Debug|Any CPU
		{D36085F1-7848-4DCF-BC1E-FC33505BA93B}.Setup - Debug|x86.ActiveCfg = Debug|Any CPU
		{D36085F1-7848-4DCF-BC1E-FC33505BA93B}.Setup - Debug|x86.Build.0 = Debug|Any CPU
		{FDB95408-A16A-4F89-A810-8D2409F7C12B}.Debug|Any CPU.ActiveCfg = Debug|Any CPU
		{FDB95408-A16A-4F89-A810-8D2409F7C12B}.Debug|Any CPU.Build.0 = Debug|Any CPU
		{FDB95408-A16A-4F89-A810-8D2409F7C12B}.Debug|Mixed Platforms.ActiveCfg = Debug|Any CPU
		{FDB95408-A16A-4F89-A810-8D2409F7C12B}.Debug|Mixed Platforms.Build.0 = Debug|Any CPU
		{FDB95408-A16A-4F89-A810-8D2409F7C12B}.Debug|x86.ActiveCfg = Debug|Any CPU
		{FDB95408-A16A-4F89-A810-8D2409F7C12B}.Debug|x86.Build.0 = Debug|Any CPU
		{FDB95408-A16A-4F89-A810-8D2409F7C12B}.Release|Any CPU.ActiveCfg = Release|Any CPU
		{FDB95408-A16A-4F89-A810-8D2409F7C12B}.Release|Any CPU.Build.0 = Release|Any CPU
		{FDB95408-A16A-4F89-A810-8D2409F7C12B}.Release|Mixed Platforms.ActiveCfg = Release|Any CPU
		{FDB95408-A16A-4F89-A810-8D2409F7C12B}.Release|Mixed Platforms.Build.0 = Release|Any CPU
		{FDB95408-A16A-4F89-A810-8D2409F7C12B}.Release|x86.ActiveCfg = Release|Any CPU
		{FDB95408-A16A-4F89-A810-8D2409F7C12B}.Setup - Debug|Any CPU.ActiveCfg = Debug|Any CPU
		{FDB95408-A16A-4F89-A810-8D2409F7C12B}.Setup - Debug|Any CPU.Build.0 = Debug|Any CPU
		{FDB95408-A16A-4F89-A810-8D2409F7C12B}.Setup - Debug|Mixed Platforms.ActiveCfg = Debug|Any CPU
		{FDB95408-A16A-4F89-A810-8D2409F7C12B}.Setup - Debug|Mixed Platforms.Build.0 = Debug|Any CPU
		{FDB95408-A16A-4F89-A810-8D2409F7C12B}.Setup - Debug|x86.ActiveCfg = Debug|Any CPU
		{FDB95408-A16A-4F89-A810-8D2409F7C12B}.Setup - Debug|x86.Build.0 = Debug|Any CPU
		{5793F415-C1F9-4EF2-94A9-717C17EB139C}.Debug|Any CPU.ActiveCfg = Debug
		{5793F415-C1F9-4EF2-94A9-717C17EB139C}.Debug|Mixed Platforms.ActiveCfg = Debug
		{5793F415-C1F9-4EF2-94A9-717C17EB139C}.Debug|x86.ActiveCfg = Debug
		{5793F415-C1F9-4EF2-94A9-717C17EB139C}.Debug|x86.Build.0 = Debug
		{5793F415-C1F9-4EF2-94A9-717C17EB139C}.Release|Any CPU.ActiveCfg = Release
		{5793F415-C1F9-4EF2-94A9-717C17EB139C}.Release|Mixed Platforms.ActiveCfg = Release
		{5793F415-C1F9-4EF2-94A9-717C17EB139C}.Release|x86.ActiveCfg = Release
		{5793F415-C1F9-4EF2-94A9-717C17EB139C}.Release|x86.Build.0 = Release
		{5793F415-C1F9-4EF2-94A9-717C17EB139C}.Setup - Debug|Any CPU.ActiveCfg = Debug
		{5793F415-C1F9-4EF2-94A9-717C17EB139C}.Setup - Debug|Mixed Platforms.ActiveCfg = Debug
		{5793F415-C1F9-4EF2-94A9-717C17EB139C}.Setup - Debug|Mixed Platforms.Build.0 = Debug
		{5793F415-C1F9-4EF2-94A9-717C17EB139C}.Setup - Debug|x86.ActiveCfg = Debug
		{5793F415-C1F9-4EF2-94A9-717C17EB139C}.Setup - Debug|x86.Build.0 = Debug
		{5E35ADBC-59E3-4B71-B808-67A1667EB89F}.Debug|Any CPU.ActiveCfg = Debug|Any CPU
		{5E35ADBC-59E3-4B71-B808-67A1667EB89F}.Debug|Any CPU.Build.0 = Debug|Any CPU
		{5E35ADBC-59E3-4B71-B808-67A1667EB89F}.Debug|Mixed Platforms.ActiveCfg = Debug|Any CPU
		{5E35ADBC-59E3-4B71-B808-67A1667EB89F}.Debug|x86.ActiveCfg = Debug|Any CPU
		{5E35ADBC-59E3-4B71-B808-67A1667EB89F}.Debug|x86.Build.0 = Debug|Any CPU
		{5E35ADBC-59E3-4B71-B808-67A1667EB89F}.Release|Any CPU.ActiveCfg = Release|Any CPU
		{5E35ADBC-59E3-4B71-B808-67A1667EB89F}.Release|Any CPU.Build.0 = Release|Any CPU
		{5E35ADBC-59E3-4B71-B808-67A1667EB89F}.Release|Mixed Platforms.ActiveCfg = Release|Any CPU
		{5E35ADBC-59E3-4B71-B808-67A1667EB89F}.Release|x86.ActiveCfg = Release|Any CPU
		{5E35ADBC-59E3-4B71-B808-67A1667EB89F}.Setup - Debug|Any CPU.ActiveCfg = Debug|Any CPU
		{5E35ADBC-59E3-4B71-B808-67A1667EB89F}.Setup - Debug|Any CPU.Build.0 = Debug|Any CPU
		{5E35ADBC-59E3-4B71-B808-67A1667EB89F}.Setup - Debug|Mixed Platforms.ActiveCfg = Debug|Any CPU
		{5E35ADBC-59E3-4B71-B808-67A1667EB89F}.Setup - Debug|Mixed Platforms.Build.0 = Debug|Any CPU
		{5E35ADBC-59E3-4B71-B808-67A1667EB89F}.Setup - Debug|x86.ActiveCfg = Debug|Any CPU
		{5E35ADBC-59E3-4B71-B808-67A1667EB89F}.Setup - Debug|x86.Build.0 = Debug|Any CPU
		{E306BBEB-F8FD-499B-AD59-411F11064EE3}.Debug|Any CPU.ActiveCfg = Debug|Any CPU
		{E306BBEB-F8FD-499B-AD59-411F11064EE3}.Debug|Any CPU.Build.0 = Debug|Any CPU
		{E306BBEB-F8FD-499B-AD59-411F11064EE3}.Debug|Mixed Platforms.ActiveCfg = Debug|Any CPU
		{E306BBEB-F8FD-499B-AD59-411F11064EE3}.Debug|Mixed Platforms.Build.0 = Debug|Any CPU
		{E306BBEB-F8FD-499B-AD59-411F11064EE3}.Debug|x86.ActiveCfg = Debug|Any CPU
		{E306BBEB-F8FD-499B-AD59-411F11064EE3}.Release|Any CPU.ActiveCfg = Release|Any CPU
		{E306BBEB-F8FD-499B-AD59-411F11064EE3}.Release|Any CPU.Build.0 = Release|Any CPU
		{E306BBEB-F8FD-499B-AD59-411F11064EE3}.Release|Mixed Platforms.ActiveCfg = Release|Any CPU
		{E306BBEB-F8FD-499B-AD59-411F11064EE3}.Release|Mixed Platforms.Build.0 = Release|Any CPU
		{E306BBEB-F8FD-499B-AD59-411F11064EE3}.Release|x86.ActiveCfg = Release|Any CPU
		{E306BBEB-F8FD-499B-AD59-411F11064EE3}.Setup - Debug|Any CPU.ActiveCfg = Debug|Any CPU
		{E306BBEB-F8FD-499B-AD59-411F11064EE3}.Setup - Debug|Any CPU.Build.0 = Debug|Any CPU
		{E306BBEB-F8FD-499B-AD59-411F11064EE3}.Setup - Debug|Mixed Platforms.ActiveCfg = Debug|Any CPU
		{E306BBEB-F8FD-499B-AD59-411F11064EE3}.Setup - Debug|Mixed Platforms.Build.0 = Debug|Any CPU
		{E306BBEB-F8FD-499B-AD59-411F11064EE3}.Setup - Debug|x86.ActiveCfg = Debug|Any CPU
		{447FD380-4912-4EDF-8D15-859FCA82D33C}.Debug|Any CPU.ActiveCfg = Debug|Any CPU
		{447FD380-4912-4EDF-8D15-859FCA82D33C}.Debug|Any CPU.Build.0 = Debug|Any CPU
		{447FD380-4912-4EDF-8D15-859FCA82D33C}.Debug|Mixed Platforms.ActiveCfg = Debug|Any CPU
		{447FD380-4912-4EDF-8D15-859FCA82D33C}.Debug|Mixed Platforms.Build.0 = Debug|Any CPU
		{447FD380-4912-4EDF-8D15-859FCA82D33C}.Debug|x86.ActiveCfg = Debug|Any CPU
		{447FD380-4912-4EDF-8D15-859FCA82D33C}.Release|Any CPU.ActiveCfg = Release|Any CPU
		{447FD380-4912-4EDF-8D15-859FCA82D33C}.Release|Any CPU.Build.0 = Release|Any CPU
		{447FD380-4912-4EDF-8D15-859FCA82D33C}.Release|Mixed Platforms.ActiveCfg = Release|Any CPU
		{447FD380-4912-4EDF-8D15-859FCA82D33C}.Release|Mixed Platforms.Build.0 = Release|Any CPU
		{447FD380-4912-4EDF-8D15-859FCA82D33C}.Release|x86.ActiveCfg = Release|Any CPU
		{447FD380-4912-4EDF-8D15-859FCA82D33C}.Setup - Debug|Any CPU.ActiveCfg = Debug|Any CPU
		{447FD380-4912-4EDF-8D15-859FCA82D33C}.Setup - Debug|Any CPU.Build.0 = Debug|Any CPU
		{447FD380-4912-4EDF-8D15-859FCA82D33C}.Setup - Debug|Mixed Platforms.ActiveCfg = Debug|Any CPU
		{447FD380-4912-4EDF-8D15-859FCA82D33C}.Setup - Debug|Mixed Platforms.Build.0 = Debug|Any CPU
		{447FD380-4912-4EDF-8D15-859FCA82D33C}.Setup - Debug|x86.ActiveCfg = Debug|Any CPU
		{431AD2B4-7B71-4DD4-A19A-3BC91C433066}.Debug|Any CPU.ActiveCfg = Debug|Any CPU
		{431AD2B4-7B71-4DD4-A19A-3BC91C433066}.Debug|Any CPU.Build.0 = Debug|Any CPU
		{431AD2B4-7B71-4DD4-A19A-3BC91C433066}.Debug|Mixed Platforms.ActiveCfg = Debug|Any CPU
		{431AD2B4-7B71-4DD4-A19A-3BC91C433066}.Debug|Mixed Platforms.Build.0 = Debug|Any CPU
		{431AD2B4-7B71-4DD4-A19A-3BC91C433066}.Debug|x86.ActiveCfg = Debug|Any CPU
		{431AD2B4-7B71-4DD4-A19A-3BC91C433066}.Release|Any CPU.ActiveCfg = Release|Any CPU
		{431AD2B4-7B71-4DD4-A19A-3BC91C433066}.Release|Any CPU.Build.0 = Release|Any CPU
		{431AD2B4-7B71-4DD4-A19A-3BC91C433066}.Release|Mixed Platforms.ActiveCfg = Release|Any CPU
		{431AD2B4-7B71-4DD4-A19A-3BC91C433066}.Release|Mixed Platforms.Build.0 = Release|Any CPU
		{431AD2B4-7B71-4DD4-A19A-3BC91C433066}.Release|x86.ActiveCfg = Release|Any CPU
		{431AD2B4-7B71-4DD4-A19A-3BC91C433066}.Setup - Debug|Any CPU.ActiveCfg = Debug|Any CPU
		{431AD2B4-7B71-4DD4-A19A-3BC91C433066}.Setup - Debug|Any CPU.Build.0 = Debug|Any CPU
		{431AD2B4-7B71-4DD4-A19A-3BC91C433066}.Setup - Debug|Mixed Platforms.ActiveCfg = Debug|Any CPU
		{431AD2B4-7B71-4DD4-A19A-3BC91C433066}.Setup - Debug|Mixed Platforms.Build.0 = Debug|Any CPU
		{431AD2B4-7B71-4DD4-A19A-3BC91C433066}.Setup - Debug|x86.ActiveCfg = Debug|Any CPU
		{0BC15FCC-CD7D-4479-80D3-2650066AD0BE}.Debug|Any CPU.ActiveCfg = Debug|Any CPU
		{0BC15FCC-CD7D-4479-80D3-2650066AD0BE}.Debug|Any CPU.Build.0 = Debug|Any CPU
		{0BC15FCC-CD7D-4479-80D3-2650066AD0BE}.Debug|Mixed Platforms.ActiveCfg = Debug|Any CPU
		{0BC15FCC-CD7D-4479-80D3-2650066AD0BE}.Debug|Mixed Platforms.Build.0 = Debug|Any CPU
		{0BC15FCC-CD7D-4479-80D3-2650066AD0BE}.Debug|x86.ActiveCfg = Debug|Any CPU
		{0BC15FCC-CD7D-4479-80D3-2650066AD0BE}.Release|Any CPU.ActiveCfg = Release|Any CPU
		{0BC15FCC-CD7D-4479-80D3-2650066AD0BE}.Release|Any CPU.Build.0 = Release|Any CPU
		{0BC15FCC-CD7D-4479-80D3-2650066AD0BE}.Release|Mixed Platforms.ActiveCfg = Release|Any CPU
		{0BC15FCC-CD7D-4479-80D3-2650066AD0BE}.Release|Mixed Platforms.Build.0 = Release|Any CPU
		{0BC15FCC-CD7D-4479-80D3-2650066AD0BE}.Release|x86.ActiveCfg = Release|Any CPU
		{0BC15FCC-CD7D-4479-80D3-2650066AD0BE}.Setup - Debug|Any CPU.ActiveCfg = Debug|Any CPU
		{0BC15FCC-CD7D-4479-80D3-2650066AD0BE}.Setup - Debug|Any CPU.Build.0 = Debug|Any CPU
		{0BC15FCC-CD7D-4479-80D3-2650066AD0BE}.Setup - Debug|Mixed Platforms.ActiveCfg = Debug|Any CPU
		{0BC15FCC-CD7D-4479-80D3-2650066AD0BE}.Setup - Debug|Mixed Platforms.Build.0 = Debug|Any CPU
		{0BC15FCC-CD7D-4479-80D3-2650066AD0BE}.Setup - Debug|x86.ActiveCfg = Debug|Any CPU
	EndGlobalSection
	GlobalSection(SolutionProperties) = preSolution
		HideSolutionNode = FALSE
	EndGlobalSection
	GlobalSection(NestedProjects) = preSolution
		{5793F415-C1F9-4EF2-94A9-717C17EB139C} = {8455ED09-A331-4F48-AC77-A9A0361B3AD0}
		{5E35ADBC-59E3-4B71-B808-67A1667EB89F} = {8455ED09-A331-4F48-AC77-A9A0361B3AD0}
		{039555B5-A30E-4BEF-B559-BB37E555F8BA} = {AAC6C50E-0E01-43E8-9767-C2FD7178D29E}
		{9D3FFFB3-5684-4F04-9553-59C65EE99D9C} = {AAC6C50E-0E01-43E8-9767-C2FD7178D29E}
		{431AD2B4-7B71-4DD4-A19A-3BC91C433066} = {039555B5-A30E-4BEF-B559-BB37E555F8BA}
		{0BC15FCC-CD7D-4479-80D3-2650066AD0BE} = {039555B5-A30E-4BEF-B559-BB37E555F8BA}
		{E306BBEB-F8FD-499B-AD59-411F11064EE3} = {9D3FFFB3-5684-4F04-9553-59C65EE99D9C}
		{447FD380-4912-4EDF-8D15-859FCA82D33C} = {9D3FFFB3-5684-4F04-9553-59C65EE99D9C}
	EndGlobalSection
EndGlobal
